// !$*UTF8*$!
{
	archiveVersion = 1;
	classes = {
	};
	objectVersion = 55;
	objects = {

/* Begin PBXBuildFile section */
		7908BEDF286BF14A007D2265 /* CKRecord+Ext.swift in Sources */ = {isa = PBXBuildFile; fileRef = 7908BEDE286BF14A007D2265 /* CKRecord+Ext.swift */; };
		7908BEE1286BF40C007D2265 /* AlertItem.swift in Sources */ = {isa = PBXBuildFile; fileRef = 7908BEE0286BF40C007D2265 /* AlertItem.swift */; };
		792E6554286A41080041973C /* LocationDetailView.swift in Sources */ = {isa = PBXBuildFile; fileRef = 792E6553286A41080041973C /* LocationDetailView.swift */; };
		792E6557286AA5C30041973C /* LocationCell.swift in Sources */ = {isa = PBXBuildFile; fileRef = 792E6556286AA5C30041973C /* LocationCell.swift */; };
		792E6559286AA6060041973C /* AvatarView.swift in Sources */ = {isa = PBXBuildFile; fileRef = 792E6558286AA6060041973C /* AvatarView.swift */; };
		792E655B286AAD260041973C /* CustomModifiers.swift in Sources */ = {isa = PBXBuildFile; fileRef = 792E655A286AAD260041973C /* CustomModifiers.swift */; };
		792E655D286AAD340041973C /* View+Ext.swift in Sources */ = {isa = PBXBuildFile; fileRef = 792E655C286AAD340041973C /* View+Ext.swift */; };
		792E655F286AAE8F0041973C /* DDGButton.swift in Sources */ = {isa = PBXBuildFile; fileRef = 792E655E286AAE8F0041973C /* DDGButton.swift */; };
		792E65B2286BC7CF0041973C /* DDGLocation.swift in Sources */ = {isa = PBXBuildFile; fileRef = 792E65B1286BC7CF0041973C /* DDGLocation.swift */; };
		792E65B4286BCC690041973C /* DDGProfile.swift in Sources */ = {isa = PBXBuildFile; fileRef = 792E65B3286BCC690041973C /* DDGProfile.swift */; };
		792E65B6286BCE750041973C /* MockData.swift in Sources */ = {isa = PBXBuildFile; fileRef = 792E65B5286BCE750041973C /* MockData.swift */; };
		792E65B8286BE8060041973C /* CloudKitManager.swift in Sources */ = {isa = PBXBuildFile; fileRef = 792E65B7286BE8060041973C /* CloudKitManager.swift */; };
		792E65BB286BE91F0041973C /* Constants.swift in Sources */ = {isa = PBXBuildFile; fileRef = 792E65BA286BE91F0041973C /* Constants.swift */; };
		79B2CA38286A2C4300F8928F /* DubDubGrubApp.swift in Sources */ = {isa = PBXBuildFile; fileRef = 79B2CA37286A2C4300F8928F /* DubDubGrubApp.swift */; };
		79B2CA3C286A2C4400F8928F /* Assets.xcassets in Resources */ = {isa = PBXBuildFile; fileRef = 79B2CA3B286A2C4400F8928F /* Assets.xcassets */; };
		79B2CA3F286A2C4400F8928F /* Preview Assets.xcassets in Resources */ = {isa = PBXBuildFile; fileRef = 79B2CA3E286A2C4400F8928F /* Preview Assets.xcassets */; };
		79B2CA48286A2DF300F8928F /* CloudKit.framework in Frameworks */ = {isa = PBXBuildFile; fileRef = 79B2CA47286A2DF300F8928F /* CloudKit.framework */; };
		79B2CA4A286A306200F8928F /* Color+Ext.swift in Sources */ = {isa = PBXBuildFile; fileRef = 79B2CA49286A306200F8928F /* Color+Ext.swift */; };
		79B2CA4C286A30C500F8928F /* DDGTabView.swift in Sources */ = {isa = PBXBuildFile; fileRef = 79B2CA4B286A30C400F8928F /* DDGTabView.swift */; };
		79B2CA4E286A30F600F8928F /* LocationMapView.swift in Sources */ = {isa = PBXBuildFile; fileRef = 79B2CA4D286A30F600F8928F /* LocationMapView.swift */; };
		79B2CA50286A311400F8928F /* LocationListView.swift in Sources */ = {isa = PBXBuildFile; fileRef = 79B2CA4F286A311400F8928F /* LocationListView.swift */; };
		79B2CA52286A312B00F8928F /* ProfileView.swift in Sources */ = {isa = PBXBuildFile; fileRef = 79B2CA51286A312B00F8928F /* ProfileView.swift */; };
/* End PBXBuildFile section */

/* Begin PBXFileReference section */
		7908BEDE286BF14A007D2265 /* CKRecord+Ext.swift */ = {isa = PBXFileReference; lastKnownFileType = sourcecode.swift; path = "CKRecord+Ext.swift"; sourceTree = "<group>"; };
		7908BEE0286BF40C007D2265 /* AlertItem.swift */ = {isa = PBXFileReference; lastKnownFileType = sourcecode.swift; path = AlertItem.swift; sourceTree = "<group>"; };
		792E6553286A41080041973C /* LocationDetailView.swift */ = {isa = PBXFileReference; lastKnownFileType = sourcecode.swift; path = LocationDetailView.swift; sourceTree = "<group>"; };
		792E6556286AA5C30041973C /* LocationCell.swift */ = {isa = PBXFileReference; lastKnownFileType = sourcecode.swift; path = LocationCell.swift; sourceTree = "<group>"; };
		792E6558286AA6060041973C /* AvatarView.swift */ = {isa = PBXFileReference; lastKnownFileType = sourcecode.swift; path = AvatarView.swift; sourceTree = "<group>"; };
		792E655A286AAD260041973C /* CustomModifiers.swift */ = {isa = PBXFileReference; lastKnownFileType = sourcecode.swift; path = CustomModifiers.swift; sourceTree = "<group>"; };
		792E655C286AAD340041973C /* View+Ext.swift */ = {isa = PBXFileReference; lastKnownFileType = sourcecode.swift; path = "View+Ext.swift"; sourceTree = "<group>"; };
		792E655E286AAE8F0041973C /* DDGButton.swift */ = {isa = PBXFileReference; lastKnownFileType = sourcecode.swift; path = DDGButton.swift; sourceTree = "<group>"; };
		792E65B1286BC7CF0041973C /* DDGLocation.swift */ = {isa = PBXFileReference; lastKnownFileType = sourcecode.swift; path = DDGLocation.swift; sourceTree = "<group>"; };
		792E65B3286BCC690041973C /* DDGProfile.swift */ = {isa = PBXFileReference; lastKnownFileType = sourcecode.swift; path = DDGProfile.swift; sourceTree = "<group>"; };
		792E65B5286BCE750041973C /* MockData.swift */ = {isa = PBXFileReference; lastKnownFileType = sourcecode.swift; path = MockData.swift; sourceTree = "<group>"; };
		792E65B7286BE8060041973C /* CloudKitManager.swift */ = {isa = PBXFileReference; lastKnownFileType = sourcecode.swift; path = CloudKitManager.swift; sourceTree = "<group>"; };
		792E65BA286BE91F0041973C /* Constants.swift */ = {isa = PBXFileReference; lastKnownFileType = sourcecode.swift; path = Constants.swift; sourceTree = "<group>"; };
		79B2CA34286A2C4300F8928F /* DubDubGrub.app */ = {isa = PBXFileReference; explicitFileType = wrapper.application; includeInIndex = 0; path = DubDubGrub.app; sourceTree = BUILT_PRODUCTS_DIR; };
		79B2CA37286A2C4300F8928F /* DubDubGrubApp.swift */ = {isa = PBXFileReference; lastKnownFileType = sourcecode.swift; path = DubDubGrubApp.swift; sourceTree = "<group>"; };
		79B2CA3B286A2C4400F8928F /* Assets.xcassets */ = {isa = PBXFileReference; lastKnownFileType = folder.assetcatalog; path = Assets.xcassets; sourceTree = "<group>"; };
		79B2CA3E286A2C4400F8928F /* Preview Assets.xcassets */ = {isa = PBXFileReference; lastKnownFileType = folder.assetcatalog; path = "Preview Assets.xcassets"; sourceTree = "<group>"; };
		79B2CA45286A2DE900F8928F /* DubDubGrub.entitlements */ = {isa = PBXFileReference; lastKnownFileType = text.plist.entitlements; path = DubDubGrub.entitlements; sourceTree = "<group>"; };
		79B2CA47286A2DF300F8928F /* CloudKit.framework */ = {isa = PBXFileReference; lastKnownFileType = wrapper.framework; name = CloudKit.framework; path = System/Library/Frameworks/CloudKit.framework; sourceTree = SDKROOT; };
		79B2CA49286A306200F8928F /* Color+Ext.swift */ = {isa = PBXFileReference; lastKnownFileType = sourcecode.swift; path = "Color+Ext.swift"; sourceTree = "<group>"; };
		79B2CA4B286A30C400F8928F /* DDGTabView.swift */ = {isa = PBXFileReference; lastKnownFileType = sourcecode.swift; path = DDGTabView.swift; sourceTree = "<group>"; };
		79B2CA4D286A30F600F8928F /* LocationMapView.swift */ = {isa = PBXFileReference; lastKnownFileType = sourcecode.swift; path = LocationMapView.swift; sourceTree = "<group>"; };
		79B2CA4F286A311400F8928F /* LocationListView.swift */ = {isa = PBXFileReference; lastKnownFileType = sourcecode.swift; path = LocationListView.swift; sourceTree = "<group>"; };
		79B2CA51286A312B00F8928F /* ProfileView.swift */ = {isa = PBXFileReference; lastKnownFileType = sourcecode.swift; path = ProfileView.swift; sourceTree = "<group>"; };
/* End PBXFileReference section */

/* Begin PBXFrameworksBuildPhase section */
		79B2CA31286A2C4300F8928F /* Frameworks */ = {
			isa = PBXFrameworksBuildPhase;
			buildActionMask = 2147483647;
			files = (
				79B2CA48286A2DF300F8928F /* CloudKit.framework in Frameworks */,
			);
			runOnlyForDeploymentPostprocessing = 0;
		};
/* End PBXFrameworksBuildPhase section */

/* Begin PBXGroup section */
		792E6560286AB1300041973C /* Views */ = {
			isa = PBXGroup;
			children = (
				792E6563286AB1600041973C /* Custom Views */,
				792E6562286AB15D0041973C /* Cells */,
			);
			path = Views;
			sourceTree = "<group>";
		};
		792E6562286AB15D0041973C /* Cells */ = {
			isa = PBXGroup;
			children = (
				792E6556286AA5C30041973C /* LocationCell.swift */,
			);
			path = Cells;
			sourceTree = "<group>";
		};
		792E6563286AB1600041973C /* Custom Views */ = {
			isa = PBXGroup;
			children = (
				792E655E286AAE8F0041973C /* DDGButton.swift */,
				792E6558286AA6060041973C /* AvatarView.swift */,
			);
			path = "Custom Views";
			sourceTree = "<group>";
		};
		792E65B0286BC7BA0041973C /* Model */ = {
			isa = PBXGroup;
			children = (
				792E65B1286BC7CF0041973C /* DDGLocation.swift */,
				792E65B3286BCC690041973C /* DDGProfile.swift */,
				792E65B5286BCE750041973C /* MockData.swift */,
			);
			path = Model;
			sourceTree = "<group>";
		};
		792E65B9286BE80F0041973C /* Utilities */ = {
			isa = PBXGroup;
			children = (
				792E65B7286BE8060041973C /* CloudKitManager.swift */,
				7908BEE0286BF40C007D2265 /* AlertItem.swift */,
				79B2CA53286A32B400F8928F /* Helpers and Extensions */,
				792E65BA286BE91F0041973C /* Constants.swift */,
			);
			path = Utilities;
			sourceTree = "<group>";
		};
		79B2CA2B286A2C4300F8928F = {
			isa = PBXGroup;
			children = (
				79B2CA36286A2C4300F8928F /* DubDubGrub */,
				79B2CA35286A2C4300F8928F /* Products */,
				79B2CA46286A2DF300F8928F /* Frameworks */,
			);
			sourceTree = "<group>";
		};
		79B2CA35286A2C4300F8928F /* Products */ = {
			isa = PBXGroup;
			children = (
				79B2CA34286A2C4300F8928F /* DubDubGrub.app */,
			);
			name = Products;
			sourceTree = "<group>";
		};
		79B2CA36286A2C4300F8928F /* DubDubGrub */ = {
			isa = PBXGroup;
			children = (
				792E65B0286BC7BA0041973C /* Model */,
				79B2CA45286A2DE900F8928F /* DubDubGrub.entitlements */,
				79B2CA37286A2C4300F8928F /* DubDubGrubApp.swift */,
				792E6560286AB1300041973C /* Views */,
				79B2CA54286A32C600F8928F /* Screens */,
				792E65B9286BE80F0041973C /* Utilities */,
				79B2CA3D286A2C4400F8928F /* Preview Content */,
				79B2CA58286A330700F8928F /* Resources */,
			);
			path = DubDubGrub;
			sourceTree = "<group>";
		};
		79B2CA3D286A2C4400F8928F /* Preview Content */ = {
			isa = PBXGroup;
			children = (
				79B2CA3E286A2C4400F8928F /* Preview Assets.xcassets */,
			);
			path = "Preview Content";
			sourceTree = "<group>";
		};
		79B2CA46286A2DF300F8928F /* Frameworks */ = {
			isa = PBXGroup;
			children = (
				79B2CA47286A2DF300F8928F /* CloudKit.framework */,
			);
			name = Frameworks;
			sourceTree = "<group>";
		};
		79B2CA53286A32B400F8928F /* Helpers and Extensions */ = {
			isa = PBXGroup;
			children = (
				79B2CA49286A306200F8928F /* Color+Ext.swift */,
				792E655C286AAD340041973C /* View+Ext.swift */,
				792E655A286AAD260041973C /* CustomModifiers.swift */,
				7908BEDE286BF14A007D2265 /* CKRecord+Ext.swift */,
			);
			path = "Helpers and Extensions";
			sourceTree = "<group>";
		};
		79B2CA54286A32C600F8928F /* Screens */ = {
			isa = PBXGroup;
			children = (
				79B2CA4B286A30C400F8928F /* DDGTabView.swift */,
				79B2CA55286A32DF00F8928F /* LocationMapView */,
				79B2CA56286A32E400F8928F /* LocationListView */,
				79B2CA57286A32EB00F8928F /* ProfileView */,
			);
			path = Screens;
			sourceTree = "<group>";
		};
		79B2CA55286A32DF00F8928F /* LocationMapView */ = {
			isa = PBXGroup;
			children = (
				79B2CA4D286A30F600F8928F /* LocationMapView.swift */,
			);
			path = LocationMapView;
			sourceTree = "<group>";
		};
		79B2CA56286A32E400F8928F /* LocationListView */ = {
			isa = PBXGroup;
			children = (
				79B2CA4F286A311400F8928F /* LocationListView.swift */,
				792E6553286A41080041973C /* LocationDetailView.swift */,
			);
			path = LocationListView;
			sourceTree = "<group>";
		};
		79B2CA57286A32EB00F8928F /* ProfileView */ = {
			isa = PBXGroup;
			children = (
				79B2CA51286A312B00F8928F /* ProfileView.swift */,
			);
			path = ProfileView;
			sourceTree = "<group>";
		};
		79B2CA58286A330700F8928F /* Resources */ = {
			isa = PBXGroup;
			children = (
				79B2CA3B286A2C4400F8928F /* Assets.xcassets */,
			);
			path = Resources;
			sourceTree = "<group>";
		};
/* End PBXGroup section */

/* Begin PBXNativeTarget section */
		79B2CA33286A2C4300F8928F /* DubDubGrub */ = {
			isa = PBXNativeTarget;
			buildConfigurationList = 79B2CA42286A2C4400F8928F /* Build configuration list for PBXNativeTarget "DubDubGrub" */;
			buildPhases = (
				79B2CA30286A2C4300F8928F /* Sources */,
				79B2CA31286A2C4300F8928F /* Frameworks */,
				79B2CA32286A2C4300F8928F /* Resources */,
			);
			buildRules = (
			);
			dependencies = (
			);
			name = DubDubGrub;
			productName = DubDubGrub;
			productReference = 79B2CA34286A2C4300F8928F /* DubDubGrub.app */;
			productType = "com.apple.product-type.application";
		};
/* End PBXNativeTarget section */

/* Begin PBXProject section */
		79B2CA2C286A2C4300F8928F /* Project object */ = {
			isa = PBXProject;
			attributes = {
				BuildIndependentTargetsInParallel = 1;
				LastSwiftUpdateCheck = 1340;
				LastUpgradeCheck = 1340;
				TargetAttributes = {
					79B2CA33286A2C4300F8928F = {
						CreatedOnToolsVersion = 13.4.1;
					};
				};
			};
			buildConfigurationList = 79B2CA2F286A2C4300F8928F /* Build configuration list for PBXProject "DubDubGrub" */;
			compatibilityVersion = "Xcode 13.0";
			developmentRegion = en;
			hasScannedForEncodings = 0;
			knownRegions = (
				en,
				Base,
			);
			mainGroup = 79B2CA2B286A2C4300F8928F;
			productRefGroup = 79B2CA35286A2C4300F8928F /* Products */;
			projectDirPath = "";
			projectRoot = "";
			targets = (
				79B2CA33286A2C4300F8928F /* DubDubGrub */,
			);
		};
/* End PBXProject section */

/* Begin PBXResourcesBuildPhase section */
		79B2CA32286A2C4300F8928F /* Resources */ = {
			isa = PBXResourcesBuildPhase;
			buildActionMask = 2147483647;
			files = (
				79B2CA3F286A2C4400F8928F /* Preview Assets.xcassets in Resources */,
				79B2CA3C286A2C4400F8928F /* Assets.xcassets in Resources */,
			);
			runOnlyForDeploymentPostprocessing = 0;
		};
/* End PBXResourcesBuildPhase section */

/* Begin PBXSourcesBuildPhase section */
		79B2CA30286A2C4300F8928F /* Sources */ = {
			isa = PBXSourcesBuildPhase;
			buildActionMask = 2147483647;
			files = (
				79B2CA4C286A30C500F8928F /* DDGTabView.swift in Sources */,
				792E65BB286BE91F0041973C /* Constants.swift in Sources */,
				792E655B286AAD260041973C /* CustomModifiers.swift in Sources */,
				79B2CA4E286A30F600F8928F /* LocationMapView.swift in Sources */,
				792E6554286A41080041973C /* LocationDetailView.swift in Sources */,
				792E65B6286BCE750041973C /* MockData.swift in Sources */,
				79B2CA50286A311400F8928F /* LocationListView.swift in Sources */,
				792E65B4286BCC690041973C /* DDGProfile.swift in Sources */,
				792E65B2286BC7CF0041973C /* DDGLocation.swift in Sources */,
				79B2CA38286A2C4300F8928F /* DubDubGrubApp.swift in Sources */,
				79B2CA52286A312B00F8928F /* ProfileView.swift in Sources */,
				792E65B8286BE8060041973C /* CloudKitManager.swift in Sources */,
				7908BEE1286BF40C007D2265 /* AlertItem.swift in Sources */,
				792E655D286AAD340041973C /* View+Ext.swift in Sources */,
				792E6557286AA5C30041973C /* LocationCell.swift in Sources */,
				7908BEDF286BF14A007D2265 /* CKRecord+Ext.swift in Sources */,
				792E655F286AAE8F0041973C /* DDGButton.swift in Sources */,
				792E6559286AA6060041973C /* AvatarView.swift in Sources */,
				79B2CA4A286A306200F8928F /* Color+Ext.swift in Sources */,
			);
			runOnlyForDeploymentPostprocessing = 0;
		};
/* End PBXSourcesBuildPhase section */

/* Begin XCBuildConfiguration section */
		79B2CA40286A2C4400F8928F /* Debug */ = {
			isa = XCBuildConfiguration;
			buildSettings = {
				ALWAYS_SEARCH_USER_PATHS = NO;
				CLANG_ANALYZER_NONNULL = YES;
				CLANG_ANALYZER_NUMBER_OBJECT_CONVERSION = YES_AGGRESSIVE;
				CLANG_CXX_LANGUAGE_STANDARD = "gnu++17";
				CLANG_ENABLE_MODULES = YES;
				CLANG_ENABLE_OBJC_ARC = YES;
				CLANG_ENABLE_OBJC_WEAK = YES;
				CLANG_WARN_BLOCK_CAPTURE_AUTORELEASING = YES;
				CLANG_WARN_BOOL_CONVERSION = YES;
				CLANG_WARN_COMMA = YES;
				CLANG_WARN_CONSTANT_CONVERSION = YES;
				CLANG_WARN_DEPRECATED_OBJC_IMPLEMENTATIONS = YES;
				CLANG_WARN_DIRECT_OBJC_ISA_USAGE = YES_ERROR;
				CLANG_WARN_DOCUMENTATION_COMMENTS = YES;
				CLANG_WARN_EMPTY_BODY = YES;
				CLANG_WARN_ENUM_CONVERSION = YES;
				CLANG_WARN_INFINITE_RECURSION = YES;
				CLANG_WARN_INT_CONVERSION = YES;
				CLANG_WARN_NON_LITERAL_NULL_CONVERSION = YES;
				CLANG_WARN_OBJC_IMPLICIT_RETAIN_SELF = YES;
				CLANG_WARN_OBJC_LITERAL_CONVERSION = YES;
				CLANG_WARN_OBJC_ROOT_CLASS = YES_ERROR;
				CLANG_WARN_QUOTED_INCLUDE_IN_FRAMEWORK_HEADER = YES;
				CLANG_WARN_RANGE_LOOP_ANALYSIS = YES;
				CLANG_WARN_STRICT_PROTOTYPES = YES;
				CLANG_WARN_SUSPICIOUS_MOVE = YES;
				CLANG_WARN_UNGUARDED_AVAILABILITY = YES_AGGRESSIVE;
				CLANG_WARN_UNREACHABLE_CODE = YES;
				CLANG_WARN__DUPLICATE_METHOD_MATCH = YES;
				COPY_PHASE_STRIP = NO;
				DEBUG_INFORMATION_FORMAT = dwarf;
				ENABLE_STRICT_OBJC_MSGSEND = YES;
				ENABLE_TESTABILITY = YES;
				GCC_C_LANGUAGE_STANDARD = gnu11;
				GCC_DYNAMIC_NO_PIC = NO;
				GCC_NO_COMMON_BLOCKS = YES;
				GCC_OPTIMIZATION_LEVEL = 0;
				GCC_PREPROCESSOR_DEFINITIONS = (
					"DEBUG=1",
					"$(inherited)",
				);
				GCC_WARN_64_TO_32_BIT_CONVERSION = YES;
				GCC_WARN_ABOUT_RETURN_TYPE = YES_ERROR;
				GCC_WARN_UNDECLARED_SELECTOR = YES;
				GCC_WARN_UNINITIALIZED_AUTOS = YES_AGGRESSIVE;
				GCC_WARN_UNUSED_FUNCTION = YES;
				GCC_WARN_UNUSED_VARIABLE = YES;
				IPHONEOS_DEPLOYMENT_TARGET = 15.5;
				MTL_ENABLE_DEBUG_INFO = INCLUDE_SOURCE;
				MTL_FAST_MATH = YES;
				ONLY_ACTIVE_ARCH = YES;
				SDKROOT = iphoneos;
				SWIFT_ACTIVE_COMPILATION_CONDITIONS = DEBUG;
				SWIFT_OPTIMIZATION_LEVEL = "-Onone";
			};
			name = Debug;
		};
		79B2CA41286A2C4400F8928F /* Release */ = {
			isa = XCBuildConfiguration;
			buildSettings = {
				ALWAYS_SEARCH_USER_PATHS = NO;
				CLANG_ANALYZER_NONNULL = YES;
				CLANG_ANALYZER_NUMBER_OBJECT_CONVERSION = YES_AGGRESSIVE;
				CLANG_CXX_LANGUAGE_STANDARD = "gnu++17";
				CLANG_ENABLE_MODULES = YES;
				CLANG_ENABLE_OBJC_ARC = YES;
				CLANG_ENABLE_OBJC_WEAK = YES;
				CLANG_WARN_BLOCK_CAPTURE_AUTORELEASING = YES;
				CLANG_WARN_BOOL_CONVERSION = YES;
				CLANG_WARN_COMMA = YES;
				CLANG_WARN_CONSTANT_CONVERSION = YES;
				CLANG_WARN_DEPRECATED_OBJC_IMPLEMENTATIONS = YES;
				CLANG_WARN_DIRECT_OBJC_ISA_USAGE = YES_ERROR;
				CLANG_WARN_DOCUMENTATION_COMMENTS = YES;
				CLANG_WARN_EMPTY_BODY = YES;
				CLANG_WARN_ENUM_CONVERSION = YES;
				CLANG_WARN_INFINITE_RECURSION = YES;
				CLANG_WARN_INT_CONVERSION = YES;
				CLANG_WARN_NON_LITERAL_NULL_CONVERSION = YES;
				CLANG_WARN_OBJC_IMPLICIT_RETAIN_SELF = YES;
				CLANG_WARN_OBJC_LITERAL_CONVERSION = YES;
				CLANG_WARN_OBJC_ROOT_CLASS = YES_ERROR;
				CLANG_WARN_QUOTED_INCLUDE_IN_FRAMEWORK_HEADER = YES;
				CLANG_WARN_RANGE_LOOP_ANALYSIS = YES;
				CLANG_WARN_STRICT_PROTOTYPES = YES;
				CLANG_WARN_SUSPICIOUS_MOVE = YES;
				CLANG_WARN_UNGUARDED_AVAILABILITY = YES_AGGRESSIVE;
				CLANG_WARN_UNREACHABLE_CODE = YES;
				CLANG_WARN__DUPLICATE_METHOD_MATCH = YES;
				COPY_PHASE_STRIP = NO;
				DEBUG_INFORMATION_FORMAT = "dwarf-with-dsym";
				ENABLE_NS_ASSERTIONS = NO;
				ENABLE_STRICT_OBJC_MSGSEND = YES;
				GCC_C_LANGUAGE_STANDARD = gnu11;
				GCC_NO_COMMON_BLOCKS = YES;
				GCC_WARN_64_TO_32_BIT_CONVERSION = YES;
				GCC_WARN_ABOUT_RETURN_TYPE = YES_ERROR;
				GCC_WARN_UNDECLARED_SELECTOR = YES;
				GCC_WARN_UNINITIALIZED_AUTOS = YES_AGGRESSIVE;
				GCC_WARN_UNUSED_FUNCTION = YES;
				GCC_WARN_UNUSED_VARIABLE = YES;
				IPHONEOS_DEPLOYMENT_TARGET = 15.5;
				MTL_ENABLE_DEBUG_INFO = NO;
				MTL_FAST_MATH = YES;
				SDKROOT = iphoneos;
				SWIFT_COMPILATION_MODE = wholemodule;
				SWIFT_OPTIMIZATION_LEVEL = "-O";
				VALIDATE_PRODUCT = YES;
			};
			name = Release;
		};
		79B2CA43286A2C4400F8928F /* Debug */ = {
			isa = XCBuildConfiguration;
			buildSettings = {
				ASSETCATALOG_COMPILER_APPICON_NAME = AppIcon;
				ASSETCATALOG_COMPILER_GLOBAL_ACCENT_COLOR_NAME = AccentColor;
				CODE_SIGN_ENTITLEMENTS = DubDubGrub/DubDubGrub.entitlements;
				CODE_SIGN_STYLE = Automatic;
				CURRENT_PROJECT_VERSION = 1;
				DEVELOPMENT_ASSET_PATHS = "\"DubDubGrub/Preview Content\"";
				DEVELOPMENT_TEAM = 7VVA7JF63G;
				ENABLE_PREVIEWS = YES;
				GENERATE_INFOPLIST_FILE = YES;
				INFOPLIST_KEY_UIApplicationSceneManifest_Generation = YES;
				INFOPLIST_KEY_UIApplicationSupportsIndirectInputEvents = YES;
				INFOPLIST_KEY_UILaunchScreen_Generation = YES;
				INFOPLIST_KEY_UISupportedInterfaceOrientations_iPad = "UIInterfaceOrientationPortrait UIInterfaceOrientationPortraitUpsideDown UIInterfaceOrientationLandscapeLeft UIInterfaceOrientationLandscapeRight";
				INFOPLIST_KEY_UISupportedInterfaceOrientations_iPhone = "UIInterfaceOrientationPortrait UIInterfaceOrientationLandscapeLeft UIInterfaceOrientationLandscapeRight";
				LD_RUNPATH_SEARCH_PATHS = (
					"$(inherited)",
					"@executable_path/Frameworks",
				);
				MARKETING_VERSION = 1.0;
				PRODUCT_BUNDLE_IDENTIFIER = RiverMccaine.DubDubGrub;
				PRODUCT_NAME = "$(TARGET_NAME)";
				SWIFT_EMIT_LOC_STRINGS = YES;
				SWIFT_VERSION = 5.0;
				TARGETED_DEVICE_FAMILY = "1,2";
			};
			name = Debug;
		};
		79B2CA44286A2C4400F8928F /* Release */ = {
			isa = XCBuildConfiguration;
			buildSettings = {
				ASSETCATALOG_COMPILER_APPICON_NAME = AppIcon;
				ASSETCATALOG_COMPILER_GLOBAL_ACCENT_COLOR_NAME = AccentColor;
				CODE_SIGN_ENTITLEMENTS = DubDubGrub/DubDubGrub.entitlements;
				CODE_SIGN_STYLE = Automatic;
				CURRENT_PROJECT_VERSION = 1;
				DEVELOPMENT_ASSET_PATHS = "\"DubDubGrub/Preview Content\"";
				DEVELOPMENT_TEAM = 7VVA7JF63G;
				ENABLE_PREVIEWS = YES;
				GENERATE_INFOPLIST_FILE = YES;
				INFOPLIST_KEY_UIApplicationSceneManifest_Generation = YES;
				INFOPLIST_KEY_UIApplicationSupportsIndirectInputEvents = YES;
				INFOPLIST_KEY_UILaunchScreen_Generation = YES;
				INFOPLIST_KEY_UISupportedInterfaceOrientations_iPad = "UIInterfaceOrientationPortrait UIInterfaceOrientationPortraitUpsideDown UIInterfaceOrientationLandscapeLeft UIInterfaceOrientationLandscapeRight";
				INFOPLIST_KEY_UISupportedInterfaceOrientations_iPhone = "UIInterfaceOrientationPortrait UIInterfaceOrientationLandscapeLeft UIInterfaceOrientationLandscapeRight";
				LD_RUNPATH_SEARCH_PATHS = (
					"$(inherited)",
					"@executable_path/Frameworks",
				);
				MARKETING_VERSION = 1.0;
				PRODUCT_BUNDLE_IDENTIFIER = RiverMccaine.DubDubGrub;
				PRODUCT_NAME = "$(TARGET_NAME)";
				SWIFT_EMIT_LOC_STRINGS = YES;
				SWIFT_VERSION = 5.0;
				TARGETED_DEVICE_FAMILY = "1,2";
			};
			name = Release;
		};
/* End XCBuildConfiguration section */

/* Begin XCConfigurationList section */
		79B2CA2F286A2C4300F8928F /* Build configuration list for PBXProject "DubDubGrub" */ = {
			isa = XCConfigurationList;
			buildConfigurations = (
				79B2CA40286A2C4400F8928F /* Debug */,
				79B2CA41286A2C4400F8928F /* Release */,
			);
			defaultConfigurationIsVisible = 0;
			defaultConfigurationName = Release;
		};
		79B2CA42286A2C4400F8928F /* Build configuration list for PBXNativeTarget "DubDubGrub" */ = {
			isa = XCConfigurationList;
			buildConfigurations = (
				79B2CA43286A2C4400F8928F /* Debug */,
				79B2CA44286A2C4400F8928F /* Release */,
			);
			defaultConfigurationIsVisible = 0;
			defaultConfigurationName = Release;
		};
/* End XCConfigurationList section */
	};
	rootObject = 79B2CA2C286A2C4300F8928F /* Project object */;
}
